
Microsoft Visual Studio Solution File, Format Version 12.00
# Visual Studio 15
VisualStudioVersion = 15.0.27703.2035
MinimumVisualStudioVersion = 10.0.40219.1
Project("{FAE04EC0-301F-11D3-BF4B-00C04F79EFBC}") = "GC-OPC-UA-Client", "GC-OPC-UA-Client\GC-OPC-UA-Client.csproj", "{953CF0D7-13AC-4A26-9A85-F6227E9661FC}"
EndProject
Global
	GlobalSection(SubversionScc) = preSolution
		Svn-Managed = True
		Manager = AnkhSVN - Subversion Support for Visual Studio
	EndGlobalSection
	GlobalSection(SolutionConfigurationPlatforms) = preSolution
		Debug|Any CPU = Debug|Any CPU
		Release|Any CPU = Release|Any CPU
	EndGlobalSection
	GlobalSection(ProjectConfigurationPlatforms) = postSolution
		{953CF0D7-13AC-4A26-9A85-F6227E9661FC}.Debug|Any CPU.ActiveCfg = Debug|Any CPU
		{953CF0D7-13AC-4A26-9A85-F6227E9661FC}.Debug|Any CPU.Build.0 = Debug|Any CPU
		{953CF0D7-13AC-4A26-9A85-F6227E9661FC}.Release|Any CPU.ActiveCfg = Release|Any CPU
		{953CF0D7-13AC-4A26-9A85-F6227E9661FC}.Release|Any CPU.Build.0 = Release|Any CPU
	EndGlobalSection
	GlobalSection(SolutionProperties) = preSolution
		HideSolutionNode = FALSE
	EndGlobalSection
	GlobalSection(ExtensibilityGlobals) = postSolution
		SolutionGuid = {575EEEC0-84FB-4B22-8B2B-40BC7EC97E36}
	EndGlobalSection
EndGlobal
